
Microsoft Visual Studio Solution File, Format Version 12.00
Project("{FAE04EC0-301F-11D3-BF4B-00C04F79EFBC}") = "OrleansUrlShortener.Api", "OrleansUrlShortener.Api\OrleansUrlShortener.Api.csproj", "{D598F00A-FE6D-433B-B2B7-9010778E344F}"
EndProject
Project("{FAE04EC0-301F-11D3-BF4B-00C04F79EFBC}") = "OrleansUrlShortener.Common", "OrleansUrlShortener.Common\OrleansUrlShortener.Common.csproj", "{0FB20724-E861-4CF3-947A-5C47AA4912E6}"
EndProject
Project("{FAE04EC0-301F-11D3-BF4B-00C04F79EFBC}") = "OrleansUrlShortener.Server", "OrleansUrlShortener.Server\OrleansUrlShortener.Server.csproj", "{FA73E0BC-0EE2-4382-8868-150664E77B03}"
EndProject
Project("{FAE04EC0-301F-11D3-BF4B-00C04F79EFBC}") = "OrleansUrlShortener.Aspire.AppHost", "OrleansUrlShortener.Aspire.AppHost\OrleansUrlShortener.Aspire.AppHost.csproj", "{5D844DE4-C01A-4C42-8444-E06D5245877A}"
EndProject
Project("{2150E333-8FDC-42A3-9474-1A3956D46DE8}") = "SolutionFiles", "SolutionFiles", "{28B5464B-2374-4622-A571-6E856A24E3A6}"
	ProjectSection(SolutionItems) = preProject
		.gitignore = .gitignore
		global.json = global.json
		README.md = README.md
	EndProjectSection
EndProject
Global
	GlobalSection(SolutionConfigurationPlatforms) = preSolution
		Debug|Any CPU = Debug|Any CPU
		Release|Any CPU = Release|Any CPU
	EndGlobalSection
	GlobalSection(ProjectConfigurationPlatforms) = postSolution
		{D598F00A-FE6D-433B-B2B7-9010778E344F}.Debug|Any CPU.ActiveCfg = Debug|Any CPU
		{D598F00A-FE6D-433B-B2B7-9010778E344F}.Debug|Any CPU.Build.0 = Debug|Any CPU
		{D598F00A-FE6D-433B-B2B7-9010778E344F}.Release|Any CPU.ActiveCfg = Release|Any CPU
		{D598F00A-FE6D-433B-B2B7-9010778E344F}.Release|Any CPU.Build.0 = Release|Any CPU
		{0FB20724-E861-4CF3-947A-5C47AA4912E6}.Debug|Any CPU.ActiveCfg = Debug|Any CPU
		{0FB20724-E861-4CF3-947A-5C47AA4912E6}.Debug|Any CPU.Build.0 = Debug|Any CPU
		{0FB20724-E861-4CF3-947A-5C47AA4912E6}.Release|Any CPU.ActiveCfg = Release|Any CPU
		{0FB20724-E861-4CF3-947A-5C47AA4912E6}.Release|Any CPU.Build.0 = Release|Any CPU
		{FA73E0BC-0EE2-4382-8868-150664E77B03}.Debug|Any CPU.ActiveCfg = Debug|Any CPU
		{FA73E0BC-0EE2-4382-8868-150664E77B03}.Debug|Any CPU.Build.0 = Debug|Any CPU
		{FA73E0BC-0EE2-4382-8868-150664E77B03}.Release|Any CPU.ActiveCfg = Release|Any CPU
		{FA73E0BC-0EE2-4382-8868-150664E77B03}.Release|Any CPU.Build.0 = Release|Any CPU
		{5D844DE4-C01A-4C42-8444-E06D5245877A}.Debug|Any CPU.ActiveCfg = Debug|Any CPU
		{5D844DE4-C01A-4C42-8444-E06D5245877A}.Debug|Any CPU.Build.0 = Debug|Any CPU
		{5D844DE4-C01A-4C42-8444-E06D5245877A}.Release|Any CPU.ActiveCfg = Release|Any CPU
		{5D844DE4-C01A-4C42-8444-E06D5245877A}.Release|Any CPU.Build.0 = Release|Any CPU
	EndGlobalSection
EndGlobal
